
Microsoft Visual Studio Solution File, Format Version 12.00
# Visual Studio 14
VisualStudioVersion = 14.0.25420.1
MinimumVisualStudioVersion = 10.0.40219.1
Project("{8BC9CEB8-8B4A-11D0-8D11-00A0C91BC942}") = "20180121_UpDown", "20180121_UpDown\20180121_UpDown.vcxproj", "{AA01FF9A-29AA-4A98-9277-BCAC3FD53A31}"
EndProject
Project("{8BC9CEB8-8B4A-11D0-8D11-00A0C91BC942}") = "20180121_BaseballGame", "20180121_BaseballGame\20180121_BaseballGame.vcxproj", "{F1BD16C6-28AA-4C89-8CC5-36E8FE128FA0}"
EndProject
Project("{8BC9CEB8-8B4A-11D0-8D11-00A0C91BC942}") = "20180127_BingoGame", "20180127_BingoGame\20180127_BingoGame.vcxproj", "{FFFD8D52-DDCE-4F8B-8107-C33AC854315D}"
EndProject
Project("{8BC9CEB8-8B4A-11D0-8D11-00A0C91BC942}") = "20180127_StringFunctions", "20180127_StringFunctions\20180127_StringFunctions.vcxproj", "{1892D4A8-65D9-4187-9D54-8A827AA221D0}"
EndProject
Project("{8BC9CEB8-8B4A-11D0-8D11-00A0C91BC942}") = "20180127_CardGame", "20180127_CardGame\20180127_CardGame.vcxproj", "{0F0AF06D-FDD2-4591-B195-75A4C81EB7F6}"
EndProject
Project("{8BC9CEB8-8B4A-11D0-8D11-00A0C91BC942}") = "20180129_CollectCode", "20180129_CollectCode\20180129_CollectCode.vcxproj", "{8004B6DA-D32B-44F0-8D63-DDF9B950747D}"
EndProject
Project("{8BC9CEB8-8B4A-11D0-8D11-00A0C91BC942}") = "20180220_AdventureZeroGame", "20180220_AdventureZeroGame\20180220_AdventureZeroGame.vcxproj", "{7B8ED2BB-A8AD-4B64-8F44-1A410483DB1A}"
EndProject
Project("{8BC9CEB8-8B4A-11D0-8D11-00A0C91BC942}") = "20180130_HighLowSeven", "20180130_HighLowSeven\20180130_HighLowSeven.vcxproj", "{89060963-FFE1-49F1-A863-72C98E2F659F}"
EndProject
Global
	GlobalSection(SolutionConfigurationPlatforms) = preSolution
		Debug|x64 = Debug|x64
		Debug|x86 = Debug|x86
		Release|x64 = Release|x64
		Release|x86 = Release|x86
	EndGlobalSection
	GlobalSection(ProjectConfigurationPlatforms) = postSolution
		{AA01FF9A-29AA-4A98-9277-BCAC3FD53A31}.Debug|x64.ActiveCfg = Debug|x64
		{AA01FF9A-29AA-4A98-9277-BCAC3FD53A31}.Debug|x64.Build.0 = Debug|x64
		{AA01FF9A-29AA-4A98-9277-BCAC3FD53A31}.Debug|x86.ActiveCfg = Debug|Win32
		{AA01FF9A-29AA-4A98-9277-BCAC3FD53A31}.Debug|x86.Build.0 = Debug|Win32
		{AA01FF9A-29AA-4A98-9277-BCAC3FD53A31}.Release|x64.ActiveCfg = Release|x64
		{AA01FF9A-29AA-4A98-9277-BCAC3FD53A31}.Release|x64.Build.0 = Release|x64
		{AA01FF9A-29AA-4A98-9277-BCAC3FD53A31}.Release|x86.ActiveCfg = Release|Win32
		{AA01FF9A-29AA-4A98-9277-BCAC3FD53A31}.Release|x86.Build.0 = Release|Win32
		{F1BD16C6-28AA-4C89-8CC5-36E8FE128FA0}.Debug|x64.ActiveCfg = Debug|x64
		{F1BD16C6-28AA-4C89-8CC5-36E8FE128FA0}.Debug|x64.Build.0 = Debug|x64
		{F1BD16C6-28AA-4C89-8CC5-36E8FE128FA0}.Debug|x86.ActiveCfg = Debug|Win32
		{F1BD16C6-28AA-4C89-8CC5-36E8FE128FA0}.Debug|x86.Build.0 = Debug|Win32
		{F1BD16C6-28AA-4C89-8CC5-36E8FE128FA0}.Release|x64.ActiveCfg = Release|x64
		{F1BD16C6-28AA-4C89-8CC5-36E8FE128FA0}.Release|x64.Build.0 = Release|x64
		{F1BD16C6-28AA-4C89-8CC5-36E8FE128FA0}.Release|x86.ActiveCfg = Release|Win32
		{F1BD16C6-28AA-4C89-8CC5-36E8FE128FA0}.Release|x86.Build.0 = Release|Win32
		{FFFD8D52-DDCE-4F8B-8107-C33AC854315D}.Debug|x64.ActiveCfg = Debug|x64
		{FFFD8D52-DDCE-4F8B-8107-C33AC854315D}.Debug|x64.Build.0 = Debug|x64
		{FFFD8D52-DDCE-4F8B-8107-C33AC854315D}.Debug|x86.ActiveCfg = Debug|Win32
		{FFFD8D52-DDCE-4F8B-8107-C33AC854315D}.Debug|x86.Build.0 = Debug|Win32
		{FFFD8D52-DDCE-4F8B-8107-C33AC854315D}.Release|x64.ActiveCfg = Release|x64
		{FFFD8D52-DDCE-4F8B-8107-C33AC854315D}.Release|x64.Build.0 = Release|x64
		{FFFD8D52-DDCE-4F8B-8107-C33AC854315D}.Release|x86.ActiveCfg = Release|Win32
		{FFFD8D52-DDCE-4F8B-8107-C33AC854315D}.Release|x86.Build.0 = Release|Win32
		{1892D4A8-65D9-4187-9D54-8A827AA221D0}.Debug|x64.ActiveCfg = Debug|x64
		{1892D4A8-65D9-4187-9D54-8A827AA221D0}.Debug|x64.Build.0 = Debug|x64
		{1892D4A8-65D9-4187-9D54-8A827AA221D0}.Debug|x86.ActiveCfg = Debug|Win32
		{1892D4A8-65D9-4187-9D54-8A827AA221D0}.Debug|x86.Build.0 = Debug|Win32
		{1892D4A8-65D9-4187-9D54-8A827AA221D0}.Release|x64.ActiveCfg = Release|x64
		{1892D4A8-65D9-4187-9D54-8A827AA221D0}.Release|x64.Build.0 = Release|x64
		{1892D4A8-65D9-4187-9D54-8A827AA221D0}.Release|x86.ActiveCfg = Release|Win32
		{1892D4A8-65D9-4187-9D54-8A827AA221D0}.Release|x86.Build.0 = Release|Win32
		{0F0AF06D-FDD2-4591-B195-75A4C81EB7F6}.Debug|x64.ActiveCfg = Debug|x64
		{0F0AF06D-FDD2-4591-B195-75A4C81EB7F6}.Debug|x64.Build.0 = Debug|x64
		{0F0AF06D-FDD2-4591-B195-75A4C81EB7F6}.Debug|x86.ActiveCfg = Debug|Win32
		{0F0AF06D-FDD2-4591-B195-75A4C81EB7F6}.Debug|x86.Build.0 = Debug|Win32
		{0F0AF06D-FDD2-4591-B195-75A4C81EB7F6}.Release|x64.ActiveCfg = Release|x64
		{0F0AF06D-FDD2-4591-B195-75A4C81EB7F6}.Release|x64.Build.0 = Release|x64
		{0F0AF06D-FDD2-4591-B195-75A4C81EB7F6}.Release|x86.ActiveCfg = Release|Win32
		{0F0AF06D-FDD2-4591-B195-75A4C81EB7F6}.Release|x86.Build.0 = Release|Win32
		{8004B6DA-D32B-44F0-8D63-DDF9B950747D}.Debug|x64.ActiveCfg = Debug|x64
		{8004B6DA-D32B-44F0-8D63-DDF9B950747D}.Debug|x64.Build.0 = Debug|x64
		{8004B6DA-D32B-44F0-8D63-DDF9B950747D}.Debug|x86.ActiveCfg = Debug|Win32
		{8004B6DA-D32B-44F0-8D63-DDF9B950747D}.Debug|x86.Build.0 = Debug|Win32
		{8004B6DA-D32B-44F0-8D63-DDF9B950747D}.Release|x64.ActiveCfg = Release|x64
		{8004B6DA-D32B-44F0-8D63-DDF9B950747D}.Release|x64.Build.0 = Release|x64
		{8004B6DA-D32B-44F0-8D63-DDF9B950747D}.Release|x86.ActiveCfg = Release|Win32
		{8004B6DA-D32B-44F0-8D63-DDF9B950747D}.Release|x86.Build.0 = Release|Win32
		{7B8ED2BB-A8AD-4B64-8F44-1A410483DB1A}.Debug|x64.ActiveCfg = Debug|x64
		{7B8ED2BB-A8AD-4B64-8F44-1A410483DB1A}.Debug|x64.Build.0 = Debug|x64
		{7B8ED2BB-A8AD-4B64-8F44-1A410483DB1A}.Debug|x86.ActiveCfg = Debug|Win32
		{7B8ED2BB-A8AD-4B64-8F44-1A410483DB1A}.Debug|x86.Build.0 = Debug|Win32
		{7B8ED2BB-A8AD-4B64-8F44-1A410483DB1A}.Release|x64.ActiveCfg = Release|x64
		{7B8ED2BB-A8AD-4B64-8F44-1A410483DB1A}.Release|x64.Build.0 = Release|x64
		{7B8ED2BB-A8AD-4B64-8F44-1A410483DB1A}.Release|x86.ActiveCfg = Release|Win32
		{7B8ED2BB-A8AD-4B64-8F44-1A410483DB1A}.Release|x86.Build.0 = Release|Win32
		{89060963-FFE1-49F1-A863-72C98E2F659F}.Debug|x64.ActiveCfg = Debug|x64
		{89060963-FFE1-49F1-A863-72C98E2F659F}.Debug|x64.Build.0 = Debug|x64
		{89060963-FFE1-49F1-A863-72C98E2F659F}.Debug|x86.ActiveCfg = Debug|Win32
		{89060963-FFE1-49F1-A863-72C98E2F659F}.Debug|x86.Build.0 = Debug|Win32
		{89060963-FFE1-49F1-A863-72C98E2F659F}.Release|x64.ActiveCfg = Release|x64
		{89060963-FFE1-49F1-A863-72C98E2F659F}.Release|x64.Build.0 = Release|x64
		{89060963-FFE1-49F1-A863-72C98E2F659F}.Release|x86.ActiveCfg = Release|Win32
		{89060963-FFE1-49F1-A863-72C98E2F659F}.Release|x86.Build.0 = Release|Win32
	EndGlobalSection
	GlobalSection(SolutionProperties) = preSolution
		HideSolutionNode = FALSE
	EndGlobalSection
EndGlobal
